
Microsoft Visual Studio Solution File, Format Version 11.00
# Visual Studio 2010
Project("{FAE04EC0-301F-11D3-BF4B-00C04F79EFBC}") = "VuforiaScripts", "VuforiaScripts.csproj", "{5BA38330-400C-B00B-F07A-65A1F96D386C}"
EndProject
Project("{FAE04EC0-301F-11D3-BF4B-00C04F79EFBC}") = "Assembly-CSharp", "Assembly-CSharp.csproj", "{6025B681-BD25-349C-24E6-96A47D862CDC}"
EndProject
Project("{FAE04EC0-301F-11D3-BF4B-00C04F79EFBC}") = "VuforiaEditorScripts", "VuforiaEditorScripts.csproj", "{9847CE0F-AD87-3AF6-1A78-BFE034195CF1}"
EndProject
Global
	GlobalSection(SolutionConfigurationPlatforms) = preSolution
		Debug|Any CPU = Debug|Any CPU
		Release|Any CPU = Release|Any CPU
	EndGlobalSection
	GlobalSection(ProjectConfigurationPlatforms) = postSolution
		{5BA38330-400C-B00B-F07A-65A1F96D386C}.Debug|Any CPU.ActiveCfg = Debug|Any CPU
		{5BA38330-400C-B00B-F07A-65A1F96D386C}.Debug|Any CPU.Build.0 = Debug|Any CPU
		{5BA38330-400C-B00B-F07A-65A1F96D386C}.Release|Any CPU.ActiveCfg = Release|Any CPU
		{5BA38330-400C-B00B-F07A-65A1F96D386C}.Release|Any CPU.Build.0 = Release|Any CPU
		{6025B681-BD25-349C-24E6-96A47D862CDC}.Debug|Any CPU.ActiveCfg = Debug|Any CPU
		{6025B681-BD25-349C-24E6-96A47D862CDC}.Debug|Any CPU.Build.0 = Debug|Any CPU
		{6025B681-BD25-349C-24E6-96A47D862CDC}.Release|Any CPU.ActiveCfg = Release|Any CPU
		{6025B681-BD25-349C-24E6-96A47D862CDC}.Release|Any CPU.Build.0 = Release|Any CPU
		{9847CE0F-AD87-3AF6-1A78-BFE034195CF1}.Debug|Any CPU.ActiveCfg = Debug|Any CPU
		{9847CE0F-AD87-3AF6-1A78-BFE034195CF1}.Debug|Any CPU.Build.0 = Debug|Any CPU
		{9847CE0F-AD87-3AF6-1A78-BFE034195CF1}.Release|Any CPU.ActiveCfg = Release|Any CPU
		{9847CE0F-AD87-3AF6-1A78-BFE034195CF1}.Release|Any CPU.Build.0 = Release|Any CPU
	EndGlobalSection
	GlobalSection(SolutionProperties) = preSolution
		HideSolutionNode = FALSE
	EndGlobalSection
	GlobalSection(MonoDevelopProperties) = preSolution
		StartupItem = Assembly-CSharp.csproj
	EndGlobalSection
EndGlobal
